Microsoft Visual Studio Solution File, Format Version 10.00
# Visual Studio 2008
Project("{FAE04EC0-301F-11D3-BF4B-00C04F79EFBC}") = "Fohjin.Core", "Fohjin.Core\Fohjin.Core.csproj", "{490D8AA7-12E4-4B61-A26C-C64D13DB44BE}"
EndProject
Project("{FAE04EC0-301F-11D3-BF4B-00C04F79EFBC}") = "Fohjin.IntegrationTests", "Fohjin.IntegrationTests\Fohjin.IntegrationTests.csproj", "{CAAAA67C-E03C-4732-811C-F8115A06DF88}"
EndProject
Project("{FAE04EC0-301F-11D3-BF4B-00C04F79EFBC}") = "Fohjin.Tests", "Fohjin.Tests\Fohjin.Tests.csproj", "{6FB76CC8-3B5D-4C4D-A69D-B967C224B52C}"
EndProject
Project("{FAE04EC0-301F-11D3-BF4B-00C04F79EFBC}") = "Fohjin.Web", "Fohjin.Web\Fohjin.Web.csproj", "{A7278599-C58B-4221-8E25-6AF60B87A871}"
EndProject
Global
	GlobalSection(SolutionConfigurationPlatforms) = preSolution
		Debug|Any CPU = Debug|Any CPU
		Release|Any CPU = Release|Any CPU
	EndGlobalSection
	GlobalSection(ProjectConfigurationPlatforms) = postSolution
		{490D8AA7-12E4-4B61-A26C-C64D13DB44BE}.Debug|Any CPU.ActiveCfg = Debug|Any CPU
		{490D8AA7-12E4-4B61-A26C-C64D13DB44BE}.Debug|Any CPU.Build.0 = Debug|Any CPU
		{490D8AA7-12E4-4B61-A26C-C64D13DB44BE}.Release|Any CPU.ActiveCfg = Release|Any CPU
		{490D8AA7-12E4-4B61-A26C-C64D13DB44BE}.Release|Any CPU.Build.0 = Release|Any CPU
		{CAAAA67C-E03C-4732-811C-F8115A06DF88}.Debug|Any CPU.ActiveCfg = Debug|Any CPU
		{CAAAA67C-E03C-4732-811C-F8115A06DF88}.Debug|Any CPU.Build.0 = Debug|Any CPU
		{CAAAA67C-E03C-4732-811C-F8115A06DF88}.Release|Any CPU.ActiveCfg = Release|Any CPU
		{CAAAA67C-E03C-4732-811C-F8115A06DF88}.Release|Any CPU.Build.0 = Release|Any CPU
		{6FB76CC8-3B5D-4C4D-A69D-B967C224B52C}.Debug|Any CPU.ActiveCfg = Debug|Any CPU
		{6FB76CC8-3B5D-4C4D-A69D-B967C224B52C}.Debug|Any CPU.Build.0 = Debug|Any CPU
		{6FB76CC8-3B5D-4C4D-A69D-B967C224B52C}.Release|Any CPU.ActiveCfg = Release|Any CPU
		{6FB76CC8-3B5D-4C4D-A69D-B967C224B52C}.Release|Any CPU.Build.0 = Release|Any CPU
		{A7278599-C58B-4221-8E25-6AF60B87A871}.Debug|Any CPU.ActiveCfg = Debug|Any CPU
		{A7278599-C58B-4221-8E25-6AF60B87A871}.Debug|Any CPU.Build.0 = Debug|Any CPU
		{A7278599-C58B-4221-8E25-6AF60B87A871}.Release|Any CPU.ActiveCfg = Release|Any CPU
		{A7278599-C58B-4221-8E25-6AF60B87A871}.Release|Any CPU.Build.0 = Release|Any CPU
	EndGlobalSection
	GlobalSection(SolutionProperties) = preSolution
		HideSolutionNode = FALSE
	EndGlobalSection
EndGlobal
